// !$*UTF8*$!
{
	archiveVersion = 1;
	classes = {
	};
	objectVersion = 48;
	objects = {

/* Begin PBXBuildFile section */
		91013D341F261B8C008D24B0 /* MKAnnotationView+WebCache.m in Sources */ = {isa = PBXBuildFile; fileRef = 91013D0E1F261B8C008D24B0 /* MKAnnotationView+WebCache.m */; };
		91013D351F261B8C008D24B0 /* NSData+ImageContentType.m in Sources */ = {isa = PBXBuildFile; fileRef = 91013D101F261B8C008D24B0 /* NSData+ImageContentType.m */; };
		91013D361F261B8C008D24B0 /* NSImage+WebCache.m in Sources */ = {isa = PBXBuildFile; fileRef = 91013D121F261B8C008D24B0 /* NSImage+WebCache.m */; };
		91013D371F261B8C008D24B0 /* SDImageCache.m in Sources */ = {isa = PBXBuildFile; fileRef = 91013D141F261B8C008D24B0 /* SDImageCache.m */; };
		91013D381F261B8C008D24B0 /* SDImageCacheConfig.m in Sources */ = {isa = PBXBuildFile; fileRef = 91013D161F261B8C008D24B0 /* SDImageCacheConfig.m */; };
		91013D391F261B8C008D24B0 /* SDWebImageCompat.m in Sources */ = {isa = PBXBuildFile; fileRef = 91013D181F261B8C008D24B0 /* SDWebImageCompat.m */; };
		91013D3A1F261B8C008D24B0 /* SDWebImageDecoder.m in Sources */ = {isa = PBXBuildFile; fileRef = 91013D1A1F261B8C008D24B0 /* SDWebImageDecoder.m */; };
		91013D3B1F261B8C008D24B0 /* SDWebImageDownloader.m in Sources */ = {isa = PBXBuildFile; fileRef = 91013D1C1F261B8C008D24B0 /* SDWebImageDownloader.m */; };
		91013D3C1F261B8C008D24B0 /* SDWebImageDownloaderOperation.m in Sources */ = {isa = PBXBuildFile; fileRef = 91013D1E1F261B8C008D24B0 /* SDWebImageDownloaderOperation.m */; };
		91013D3D1F261B8C008D24B0 /* SDWebImageManager.m in Sources */ = {isa = PBXBuildFile; fileRef = 91013D201F261B8C008D24B0 /* SDWebImageManager.m */; };
		91013D3E1F261B8C008D24B0 /* SDWebImagePrefetcher.m in Sources */ = {isa = PBXBuildFile; fileRef = 91013D231F261B8C008D24B0 /* SDWebImagePrefetcher.m */; };
		91013D3F1F261B8C008D24B0 /* UIButton+WebCache.m in Sources */ = {isa = PBXBuildFile; fileRef = 91013D251F261B8C008D24B0 /* UIButton+WebCache.m */; };
		91013D401F261B8C008D24B0 /* UIImage+GIF.m in Sources */ = {isa = PBXBuildFile; fileRef = 91013D271F261B8C008D24B0 /* UIImage+GIF.m */; };
		91013D411F261B8C008D24B0 /* UIImage+MultiFormat.m in Sources */ = {isa = PBXBuildFile; fileRef = 91013D291F261B8C008D24B0 /* UIImage+MultiFormat.m */; };
		91013D421F261B8C008D24B0 /* UIImage+WebP.m in Sources */ = {isa = PBXBuildFile; fileRef = 91013D2B1F261B8C008D24B0 /* UIImage+WebP.m */; };
		91013D431F261B8C008D24B0 /* UIImageView+HighlightedWebCache.m in Sources */ = {isa = PBXBuildFile; fileRef = 91013D2D1F261B8C008D24B0 /* UIImageView+HighlightedWebCache.m */; };
		91013D441F261B8C008D24B0 /* UIImageView+WebCache.m in Sources */ = {isa = PBXBuildFile; fileRef = 91013D2F1F261B8C008D24B0 /* UIImageView+WebCache.m */; };
		91013D451F261B8C008D24B0 /* UIView+WebCache.m in Sources */ = {isa = PBXBuildFile; fileRef = 91013D311F261B8C008D24B0 /* UIView+WebCache.m */; };
		91013D461F261B8C008D24B0 /* UIView+WebCacheOperation.m in Sources */ = {isa = PBXBuildFile; fileRef = 91013D331F261B8C008D24B0 /* UIView+WebCacheOperation.m */; };
		91013D4E1F261B9A008D24B0 /* BKNetworkConfig.m in Sources */ = {isa = PBXBuildFile; fileRef = 91013D491F261B9A008D24B0 /* BKNetworkConfig.m */; };
		91013D4F1F261B9A008D24B0 /* BKNetworking.m in Sources */ = {isa = PBXBuildFile; fileRef = 91013D4B1F261B9A008D24B0 /* BKNetworking.m */; };
		91013D501F261B9A008D24B0 /* BKNetworkModel.m in Sources */ = {isa = PBXBuildFile; fileRef = 91013D4D1F261B9A008D24B0 /* BKNetworkModel.m */; };
		912270571F2A3BD4008AE273 /* BaseStartNetworking.m in Sources */ = {isa = PBXBuildFile; fileRef = 912270491F2A3BD4008AE273 /* BaseStartNetworking.m */; };
		912270581F2A3BD4008AE273 /* BLoopImageItem.m in Sources */ = {isa = PBXBuildFile; fileRef = 9122704B1F2A3BD4008AE273 /* BLoopImageItem.m */; };
		912270591F2A3BD4008AE273 /* HomeListModel.m in Sources */ = {isa = PBXBuildFile; fileRef = 9122704D1F2A3BD4008AE273 /* HomeListModel.m */; };
		9122705A1F2A3BD4008AE273 /* HomePresenter.m in Sources */ = {isa = PBXBuildFile; fileRef = 912270501F2A3BD4008AE273 /* HomePresenter.m */; };
		9122705C1F2A3BD4008AE273 /* BLoopImageView.m in Sources */ = {isa = PBXBuildFile; fileRef = 912270561F2A3BD4008AE273 /* BLoopImageView.m */; };
		9122705F1F2A3C7E008AE273 /* DetailTableViewPresenter.m in Sources */ = {isa = PBXBuildFile; fileRef = 9122705E1F2A3C7E008AE273 /* DetailTableViewPresenter.m */; };
		912270621F2A3CB6008AE273 /* BaseTableView.m in Sources */ = {isa = PBXBuildFile; fileRef = 912270611F2A3CB6008AE273 /* BaseTableView.m */; };
		912270661F2A40BB008AE273 /* TableViewController.m in Sources */ = {isa = PBXBuildFile; fileRef = 912270651F2A40BB008AE273 /* TableViewController.m */; };
		912270691F2A40C4008AE273 /* DetailViewController.m in Sources */ = {isa = PBXBuildFile; fileRef = 912270681F2A40C4008AE273 /* DetailViewController.m */; };
		927B98261F2B09B500035585 /* MBProgressHUD+Add.m in Sources */ = {isa = PBXBuildFile; fileRef = 927B98221F2B09B400035585 /* MBProgressHUD+Add.m */; };
		927B98271F2B09B500035585 /* MBProgressHUD.bundle in Resources */ = {isa = PBXBuildFile; fileRef = 927B98231F2B09B400035585 /* MBProgressHUD.bundle */; };
		927B98281F2B09B500035585 /* MBProgressHUD.m in Sources */ = {isa = PBXBuildFile; fileRef = 927B98251F2B09B400035585 /* MBProgressHUD.m */; };
		927B98581F2B0D1200035585 /* MJRefreshAutoFooter.m in Sources */ = {isa = PBXBuildFile; fileRef = 927B982C1F2B0D1200035585 /* MJRefreshAutoFooter.m */; };
		927B98591F2B0D1200035585 /* MJRefreshBackFooter.m in Sources */ = {isa = PBXBuildFile; fileRef = 927B982E1F2B0D1200035585 /* MJRefreshBackFooter.m */; };
		927B985A1F2B0D1200035585 /* MJRefreshComponent.m in Sources */ = {isa = PBXBuildFile; fileRef = 927B98301F2B0D1200035585 /* MJRefreshComponent.m */; };
		927B985B1F2B0D1200035585 /* MJRefreshFooter.m in Sources */ = {isa = PBXBuildFile; fileRef = 927B98321F2B0D1200035585 /* MJRefreshFooter.m */; };
		927B985C1F2B0D1200035585 /* MJRefreshHeader.m in Sources */ = {isa = PBXBuildFile; fileRef = 927B98341F2B0D1200035585 /* MJRefreshHeader.m */; };
		927B985D1F2B0D1200035585 /* MJRefreshAutoGifFooter.m in Sources */ = {isa = PBXBuildFile; fileRef = 927B98391F2B0D1200035585 /* MJRefreshAutoGifFooter.m */; };
		927B985E1F2B0D1200035585 /* MJRefreshAutoNormalFooter.m in Sources */ = {isa = PBXBuildFile; fileRef = 927B983B1F2B0D1200035585 /* MJRefreshAutoNormalFooter.m */; };
		927B985F1F2B0D1200035585 /* MJRefreshAutoStateFooter.m in Sources */ = {isa = PBXBuildFile; fileRef = 927B983D1F2B0D1200035585 /* MJRefreshAutoStateFooter.m */; };
		927B98601F2B0D1200035585 /* MJRefreshBackGifFooter.m in Sources */ = {isa = PBXBuildFile; fileRef = 927B98401F2B0D1200035585 /* MJRefreshBackGifFooter.m */; };
		927B98611F2B0D1200035585 /* MJRefreshBackNormalFooter.m in Sources */ = {isa = PBXBuildFile; fileRef = 927B98421F2B0D1200035585 /* MJRefreshBackNormalFooter.m */; };
		927B98621F2B0D1200035585 /* MJRefreshBackStateFooter.m in Sources */ = {isa = PBXBuildFile; fileRef = 927B98441F2B0D1200035585 /* MJRefreshBackStateFooter.m */; };
		927B98631F2B0D1200035585 /* MJRefreshGifHeader.m in Sources */ = {isa = PBXBuildFile; fileRef = 927B98471F2B0D1200035585 /* MJRefreshGifHeader.m */; };
		927B98641F2B0D1200035585 /* MJRefreshNormalHeader.m in Sources */ = {isa = PBXBuildFile; fileRef = 927B98491F2B0D1200035585 /* MJRefreshNormalHeader.m */; };
		927B98651F2B0D1200035585 /* MJRefreshStateHeader.m in Sources */ = {isa = PBXBuildFile; fileRef = 927B984B1F2B0D1200035585 /* MJRefreshStateHeader.m */; };
		927B98661F2B0D1200035585 /* MJRefresh.bundle in Resources */ = {isa = PBXBuildFile; fileRef = 927B984C1F2B0D1200035585 /* MJRefresh.bundle */; };
		927B98671F2B0D1200035585 /* MJRefreshConst.m in Sources */ = {isa = PBXBuildFile; fileRef = 927B984F1F2B0D1200035585 /* MJRefreshConst.m */; };
		927B98681F2B0D1200035585 /* NSBundle+MJRefresh.m in Sources */ = {isa = PBXBuildFile; fileRef = 927B98511F2B0D1200035585 /* NSBundle+MJRefresh.m */; };
		927B98691F2B0D1200035585 /* UIScrollView+MJExtension.m in Sources */ = {isa = PBXBuildFile; fileRef = 927B98531F2B0D1200035585 /* UIScrollView+MJExtension.m */; };
		927B986A1F2B0D1200035585 /* UIScrollView+MJRefresh.m in Sources */ = {isa = PBXBuildFile; fileRef = 927B98551F2B0D1200035585 /* UIScrollView+MJRefresh.m */; };
		927B986B1F2B0D1200035585 /* UIView+MJExtension.m in Sources */ = {isa = PBXBuildFile; fileRef = 927B98571F2B0D1200035585 /* UIView+MJExtension.m */; };
		927B98721F2B0DA500035585 /* DetailDataModel.m in Sources */ = {isa = PBXBuildFile; fileRef = 927B98711F2B0DA500035585 /* DetailDataModel.m */; };
		9289BDF71F25A4EB00BDF5C6 /* AppDelegate.m in Sources */ = {isa = PBXBuildFile; fileRef = 9289BDF61F25A4EB00BDF5C6 /* AppDelegate.m */; };
		9289BDFD1F25A4EB00BDF5C6 /* Main.storyboard in Resources */ = {isa = PBXBuildFile; fileRef = 9289BDFB1F25A4EB00BDF5C6 /* Main.storyboard */; };
		9289BDFF1F25A4EB00BDF5C6 /* Assets.xcassets in Resources */ = {isa = PBXBuildFile; fileRef = 9289BDFE1F25A4EB00BDF5C6 /* Assets.xcassets */; };
		9289BE021F25A4EB00BDF5C6 /* LaunchScreen.storyboard in Resources */ = {isa = PBXBuildFile; fileRef = 9289BE001F25A4EB00BDF5C6 /* LaunchScreen.storyboard */; };
		9289BE051F25A4EB00BDF5C6 /* main.m in Sources */ = {isa = PBXBuildFile; fileRef = 9289BE041F25A4EB00BDF5C6 /* main.m */; };
/* End PBXBuildFile section */

/* Begin PBXFileReference section */
		91013D0D1F261B8C008D24B0 /* MKAnnotationView+WebCache.h */ = {isa = PBXFileReference; fileEncoding = 4; lastKnownFileType = sourcecode.c.h; path = "MKAnnotationView+WebCache.h"; sourceTree = "<group>"; };
		91013D0E1F261B8C008D24B0 /* MKAnnotationView+WebCache.m */ = {isa = PBXFileReference; fileEncoding = 4; lastKnownFileType = sourcecode.c.objc; path = "MKAnnotationView+WebCache.m"; sourceTree = "<group>"; };
		91013D0F1F261B8C008D24B0 /* NSData+ImageContentType.h */ = {isa = PBXFileReference; fileEncoding = 4; lastKnownFileType = sourcecode.c.h; path = "NSData+ImageContentType.h"; sourceTree = "<group>"; };
		91013D101F261B8C008D24B0 /* NSData+ImageContentType.m */ = {isa = PBXFileReference; fileEncoding = 4; lastKnownFileType = sourcecode.c.objc; path = "NSData+ImageContentType.m"; sourceTree = "<group>"; };
		91013D111F261B8C008D24B0 /* NSImage+WebCache.h */ = {isa = PBXFileReference; fileEncoding = 4; lastKnownFileType = sourcecode.c.h; path = "NSImage+WebCache.h"; sourceTree = "<group>"; };
		91013D121F261B8C008D24B0 /* NSImage+WebCache.m */ = {isa = PBXFileReference; fileEncoding = 4; lastKnownFileType = sourcecode.c.objc; path = "NSImage+WebCache.m"; sourceTree = "<group>"; };
		91013D131F261B8C008D24B0 /* SDImageCache.h */ = {isa = PBXFileReference; fileEncoding = 4; lastKnownFileType = sourcecode.c.h; path = SDImageCache.h; sourceTree = "<group>"; };
		91013D141F261B8C008D24B0 /* SDImageCache.m */ = {isa = PBXFileReference; fileEncoding = 4; lastKnownFileType = sourcecode.c.objc; path = SDImageCache.m; sourceTree = "<group>"; };
		91013D151F261B8C008D24B0 /* SDImageCacheConfig.h */ = {isa = PBXFileReference; fileEncoding = 4; lastKnownFileType = sourcecode.c.h; path = SDImageCacheConfig.h; sourceTree = "<group>"; };
		91013D161F261B8C008D24B0 /* SDImageCacheConfig.m */ = {isa = PBXFileReference; fileEncoding = 4; lastKnownFileType = sourcecode.c.objc; path = SDImageCacheConfig.m; sourceTree = "<group>"; };
		91013D171F261B8C008D24B0 /* SDWebImageCompat.h */ = {isa = PBXFileReference; fileEncoding = 4; lastKnownFileType = sourcecode.c.h; path = SDWebImageCompat.h; sourceTree = "<group>"; };
		91013D181F261B8C008D24B0 /* SDWebImageCompat.m */ = {isa = PBXFileReference; fileEncoding = 4; lastKnownFileType = sourcecode.c.objc; path = SDWebImageCompat.m; sourceTree = "<group>"; };
		91013D191F261B8C008D24B0 /* SDWebImageDecoder.h */ = {isa = PBXFileReference; fileEncoding = 4; lastKnownFileType = sourcecode.c.h; path = SDWebImageDecoder.h; sourceTree = "<group>"; };
		91013D1A1F261B8C008D24B0 /* SDWebImageDecoder.m */ = {isa = PBXFileReference; fileEncoding = 4; lastKnownFileType = sourcecode.c.objc; path = SDWebImageDecoder.m; sourceTree = "<group>"; };
		91013D1B1F261B8C008D24B0 /* SDWebImageDownloader.h */ = {isa = PBXFileReference; fileEncoding = 4; lastKnownFileType = sourcecode.c.h; path = SDWebImageDownloader.h; sourceTree = "<group>"; };
		91013D1C1F261B8C008D24B0 /* SDWebImageDownloader.m */ = {isa = PBXFileReference; fileEncoding = 4; lastKnownFileType = sourcecode.c.objc; path = SDWebImageDownloader.m; sourceTree = "<group>"; };
		91013D1D1F261B8C008D24B0 /* SDWebImageDownloaderOperation.h */ = {isa = PBXFileReference; fileEncoding = 4; lastKnownFileType = sourcecode.c.h; path = SDWebImageDownloaderOperation.h; sourceTree = "<group>"; };
		91013D1E1F261B8C008D24B0 /* SDWebImageDownloaderOperation.m */ = {isa = PBXFileReference; fileEncoding = 4; lastKnownFileType = sourcecode.c.objc; path = SDWebImageDownloaderOperation.m; sourceTree = "<group>"; };
		91013D1F1F261B8C008D24B0 /* SDWebImageManager.h */ = {isa = PBXFileReference; fileEncoding = 4; lastKnownFileType = sourcecode.c.h; path = SDWebImageManager.h; sourceTree = "<group>"; };
		91013D201F261B8C008D24B0 /* SDWebImageManager.m */ = {isa = PBXFileReference; fileEncoding = 4; lastKnownFileType = sourcecode.c.objc; path = SDWebImageManager.m; sourceTree = "<group>"; };
		91013D211F261B8C008D24B0 /* SDWebImageOperation.h */ = {isa = PBXFileReference; fileEncoding = 4; lastKnownFileType = sourcecode.c.h; path = SDWebImageOperation.h; sourceTree = "<group>"; };
		91013D221F261B8C008D24B0 /* SDWebImagePrefetcher.h */ = {isa = PBXFileReference; fileEncoding = 4; lastKnownFileType = sourcecode.c.h; path = SDWebImagePrefetcher.h; sourceTree = "<group>"; };
		91013D231F261B8C008D24B0 /* SDWebImagePrefetcher.m */ = {isa = PBXFileReference; fileEncoding = 4; lastKnownFileType = sourcecode.c.objc; path = SDWebImagePrefetcher.m; sourceTree = "<group>"; };
		91013D241F261B8C008D24B0 /* UIButton+WebCache.h */ = {isa = PBXFileReference; fileEncoding = 4; lastKnownFileType = sourcecode.c.h; path = "UIButton+WebCache.h"; sourceTree = "<group>"; };
		91013D251F261B8C008D24B0 /* UIButton+WebCache.m */ = {isa = PBXFileReference; fileEncoding = 4; lastKnownFileType = sourcecode.c.objc; path = "UIButton+WebCache.m"; sourceTree = "<group>"; };
		91013D261F261B8C008D24B0 /* UIImage+GIF.h */ = {isa = PBXFileReference; fileEncoding = 4; lastKnownFileType = sourcecode.c.h; path = "UIImage+GIF.h"; sourceTree = "<group>"; };
		91013D271F261B8C008D24B0 /* UIImage+GIF.m */ = {isa = PBXFileReference; fileEncoding = 4; lastKnownFileType = sourcecode.c.objc; path = "UIImage+GIF.m"; sourceTree = "<group>"; };
		91013D281F261B8C008D24B0 /* UIImage+MultiFormat.h */ = {isa = PBXFileReference; fileEncoding = 4; lastKnownFileType = sourcecode.c.h; path = "UIImage+MultiFormat.h"; sourceTree = "<group>"; };
		91013D291F261B8C008D24B0 /* UIImage+MultiFormat.m */ = {isa = PBXFileReference; fileEncoding = 4; lastKnownFileType = sourcecode.c.objc; path = "UIImage+MultiFormat.m"; sourceTree = "<group>"; };
		91013D2A1F261B8C008D24B0 /* UIImage+WebP.h */ = {isa = PBXFileReference; fileEncoding = 4; lastKnownFileType = sourcecode.c.h; path = "UIImage+WebP.h"; sourceTree = "<group>"; };
		91013D2B1F261B8C008D24B0 /* UIImage+WebP.m */ = {isa = PBXFileReference; fileEncoding = 4; lastKnownFileType = sourcecode.c.objc; path = "UIImage+WebP.m"; sourceTree = "<group>"; };
		91013D2C1F261B8C008D24B0 /* UIImageView+HighlightedWebCache.h */ = {isa = PBXFileReference; fileEncoding = 4; lastKnownFileType = sourcecode.c.h; path = "UIImageView+HighlightedWebCache.h"; sourceTree = "<group>"; };
		91013D2D1F261B8C008D24B0 /* UIImageView+HighlightedWebCache.m */ = {isa = PBXFileReference; fileEncoding = 4; lastKnownFileType = sourcecode.c.objc; path = "UIImageView+HighlightedWebCache.m"; sourceTree = "<group>"; };
		91013D2E1F261B8C008D24B0 /* UIImageView+WebCache.h */ = {isa = PBXFileReference; fileEncoding = 4; lastKnownFileType = sourcecode.c.h; path = "UIImageView+WebCache.h"; sourceTree = "<group>"; };
		91013D2F1F261B8C008D24B0 /* UIImageView+WebCache.m */ = {isa = PBXFileReference; fileEncoding = 4; lastKnownFileType = sourcecode.c.objc; path = "UIImageView+WebCache.m"; sourceTree = "<group>"; };
		91013D301F261B8C008D24B0 /* UIView+WebCache.h */ = {isa = PBXFileReference; fileEncoding = 4; lastKnownFileType = sourcecode.c.h; path = "UIView+WebCache.h"; sourceTree = "<group>"; };
		91013D311F261B8C008D24B0 /* UIView+WebCache.m */ = {isa = PBXFileReference; fileEncoding = 4; lastKnownFileType = sourcecode.c.objc; path = "UIView+WebCache.m"; sourceTree = "<group>"; };
		91013D321F261B8C008D24B0 /* UIView+WebCacheOperation.h */ = {isa = PBXFileReference; fileEncoding = 4; lastKnownFileType = sourcecode.c.h; path = "UIView+WebCacheOperation.h"; sourceTree = "<group>"; };
		91013D331F261B8C008D24B0 /* UIView+WebCacheOperation.m */ = {isa = PBXFileReference; fileEncoding = 4; lastKnownFileType = sourcecode.c.objc; path = "UIView+WebCacheOperation.m"; sourceTree = "<group>"; };
		91013D481F261B9A008D24B0 /* BKNetworkConfig.h */ = {isa = PBXFileReference; fileEncoding = 4; lastKnownFileType = sourcecode.c.h; path = BKNetworkConfig.h; sourceTree = "<group>"; };
		91013D491F261B9A008D24B0 /* BKNetworkConfig.m */ = {isa = PBXFileReference; fileEncoding = 4; lastKnownFileType = sourcecode.c.objc; path = BKNetworkConfig.m; sourceTree = "<group>"; };
		91013D4A1F261B9A008D24B0 /* BKNetworking.h */ = {isa = PBXFileReference; fileEncoding = 4; lastKnownFileType = sourcecode.c.h; path = BKNetworking.h; sourceTree = "<group>"; };
		91013D4B1F261B9A008D24B0 /* BKNetworking.m */ = {isa = PBXFileReference; fileEncoding = 4; lastKnownFileType = sourcecode.c.objc; path = BKNetworking.m; sourceTree = "<group>"; };
		91013D4C1F261B9A008D24B0 /* BKNetworkModel.h */ = {isa = PBXFileReference; fileEncoding = 4; lastKnownFileType = sourcecode.c.h; path = BKNetworkModel.h; sourceTree = "<group>"; };
		91013D4D1F261B9A008D24B0 /* BKNetworkModel.m */ = {isa = PBXFileReference; fileEncoding = 4; lastKnownFileType = sourcecode.c.objc; path = BKNetworkModel.m; sourceTree = "<group>"; };
		912270471F2A3BD4008AE273 /* BaseNetworkProtocol.h */ = {isa = PBXFileReference; fileEncoding = 4; lastKnownFileType = sourcecode.c.h; path = BaseNetworkProtocol.h; sourceTree = "<group>"; };
		912270481F2A3BD4008AE273 /* BaseStartNetworking.h */ = {isa = PBXFileReference; fileEncoding = 4; lastKnownFileType = sourcecode.c.h; path = BaseStartNetworking.h; sourceTree = "<group>"; };
		912270491F2A3BD4008AE273 /* BaseStartNetworking.m */ = {isa = PBXFileReference; fileEncoding = 4; lastKnownFileType = sourcecode.c.objc; path = BaseStartNetworking.m; sourceTree = "<group>"; };
		9122704A1F2A3BD4008AE273 /* BLoopImageItem.h */ = {isa = PBXFileReference; fileEncoding = 4; lastKnownFileType = sourcecode.c.h; path = BLoopImageItem.h; sourceTree = "<group>"; };
		9122704B1F2A3BD4008AE273 /* BLoopImageItem.m */ = {isa = PBXFileReference; fileEncoding = 4; lastKnownFileType = sourcecode.c.objc; path = BLoopImageItem.m; sourceTree = "<group>"; };
		9122704C1F2A3BD4008AE273 /* HomeListModel.h */ = {isa = PBXFileReference; fileEncoding = 4; lastKnownFileType = sourcecode.c.h; path = HomeListModel.h; sourceTree = "<group>"; };
		9122704D1F2A3BD4008AE273 /* HomeListModel.m */ = {isa = PBXFileReference; fileEncoding = 4; lastKnownFileType = sourcecode.c.objc; path = HomeListModel.m; sourceTree = "<group>"; };
		9122704F1F2A3BD4008AE273 /* HomePresenter.h */ = {isa = PBXFileReference; fileEncoding = 4; lastKnownFileType = sourcecode.c.h; path = HomePresenter.h; sourceTree = "<group>"; };
		912270501F2A3BD4008AE273 /* HomePresenter.m */ = {isa = PBXFileReference; fileEncoding = 4; lastKnownFileType = sourcecode.c.objc; path = HomePresenter.m; sourceTree = "<group>"; };
		912270541F2A3BD4008AE273 /* BaseViewProtocol.h */ = {isa = PBXFileReference; fileEncoding = 4; lastKnownFileType = sourcecode.c.h; path = BaseViewProtocol.h; sourceTree = "<group>"; };
		912270551F2A3BD4008AE273 /* BLoopImageView.h */ = {isa = PBXFileReference; fileEncoding = 4; lastKnownFileType = sourcecode.c.h; path = BLoopImageView.h; sourceTree = "<group>"; };
		912270561F2A3BD4008AE273 /* BLoopImageView.m */ = {isa = PBXFileReference; fileEncoding = 4; lastKnownFileType = sourcecode.c.objc; path = BLoopImageView.m; sourceTree = "<group>"; };
		9122705D1F2A3C7E008AE273 /* DetailTableViewPresenter.h */ = {isa = PBXFileReference; fileEncoding = 4; lastKnownFileType = sourcecode.c.h; path = DetailTableViewPresenter.h; sourceTree = "<group>"; };
		9122705E1F2A3C7E008AE273 /* DetailTableViewPresenter.m */ = {isa = PBXFileReference; fileEncoding = 4; lastKnownFileType = sourcecode.c.objc; path = DetailTableViewPresenter.m; sourceTree = "<group>"; };
		912270601F2A3CB6008AE273 /* BaseTableView.h */ = {isa = PBXFileReference; fileEncoding = 4; lastKnownFileType = sourcecode.c.h; path = BaseTableView.h; sourceTree = "<group>"; };
		912270611F2A3CB6008AE273 /* BaseTableView.m */ = {isa = PBXFileReference; fileEncoding = 4; lastKnownFileType = sourcecode.c.objc; path = BaseTableView.m; sourceTree = "<group>"; };
		912270631F2A3F07008AE273 /* TableViewPresenterProtocol.h */ = {isa = PBXFileReference; fileEncoding = 4; lastKnownFileType = sourcecode.c.h; path = TableViewPresenterProtocol.h; sourceTree = "<group>"; };
		912270641F2A40BB008AE273 /* TableViewController.h */ = {isa = PBXFileReference; fileEncoding = 4; lastKnownFileType = sourcecode.c.h; path = TableViewController.h; sourceTree = "<group>"; };
		912270651F2A40BB008AE273 /* TableViewController.m */ = {isa = PBXFileReference; fileEncoding = 4; lastKnownFileType = sourcecode.c.objc; path = TableViewController.m; sourceTree = "<group>"; };
		912270671F2A40C3008AE273 /* DetailViewController.h */ = {isa = PBXFileReference; fileEncoding = 4; lastKnownFileType = sourcecode.c.h; path = DetailViewController.h; sourceTree = "<group>"; };
		912270681F2A40C4008AE273 /* DetailViewController.m */ = {isa = PBXFileReference; fileEncoding = 4; lastKnownFileType = sourcecode.c.objc; path = DetailViewController.m; sourceTree = "<group>"; };
		927B98211F2B09B400035585 /* MBProgressHUD+Add.h */ = {isa = PBXFileReference; fileEncoding = 4; lastKnownFileType = sourcecode.c.h; path = "MBProgressHUD+Add.h"; sourceTree = "<group>"; };
		927B98221F2B09B400035585 /* MBProgressHUD+Add.m */ = {isa = PBXFileReference; fileEncoding = 4; lastKnownFileType = sourcecode.c.objc; path = "MBProgressHUD+Add.m"; sourceTree = "<group>"; };
		927B98231F2B09B400035585 /* MBProgressHUD.bundle */ = {isa = PBXFileReference; lastKnownFileType = "wrapper.plug-in"; path = MBProgressHUD.bundle; sourceTree = "<group>"; };
		927B98241F2B09B400035585 /* MBProgressHUD.h */ = {isa = PBXFileReference; fileEncoding = 4; lastKnownFileType = sourcecode.c.h; path = MBProgressHUD.h; sourceTree = "<group>"; };
		927B98251F2B09B400035585 /* MBProgressHUD.m */ = {isa = PBXFileReference; fileEncoding = 4; lastKnownFileType = sourcecode.c.objc; path = MBProgressHUD.m; sourceTree = "<group>"; };
		927B982B1F2B0D1200035585 /* MJRefreshAutoFooter.h */ = {isa = PBXFileReference; fileEncoding = 4; lastKnownFileType = sourcecode.c.h; path = MJRefreshAutoFooter.h; sourceTree = "<group>"; };
		927B982C1F2B0D1200035585 /* MJRefreshAutoFooter.m */ = {isa = PBXFileReference; fileEncoding = 4; lastKnownFileType = sourcecode.c.objc; path = MJRefreshAutoFooter.m; sourceTree = "<group>"; };
		927B982D1F2B0D1200035585 /* MJRefreshBackFooter.h */ = {isa = PBXFileReference; fileEncoding = 4; lastKnownFileType = sourcecode.c.h; path = MJRefreshBackFooter.h; sourceTree = "<group>"; };
		927B982E1F2B0D1200035585 /* MJRefreshBackFooter.m */ = {isa = PBXFileReference; fileEncoding = 4; lastKnownFileType = sourcecode.c.objc; path = MJRefreshBackFooter.m; sourceTree = "<group>"; };
		927B982F1F2B0D1200035585 /* MJRefreshComponent.h */ = {isa = PBXFileReference; fileEncoding = 4; lastKnownFileType = sourcecode.c.h; path = MJRefreshComponent.h; sourceTree = "<group>"; };
		927B98301F2B0D1200035585 /* MJRefreshComponent.m */ = {isa = PBXFileReference; fileEncoding = 4; lastKnownFileType = sourcecode.c.objc; path = MJRefreshComponent.m; sourceTree = "<group>"; };
		927B98311F2B0D1200035585 /* MJRefreshFooter.h */ = {isa = PBXFileReference; fileEncoding = 4; lastKnownFileType = sourcecode.c.h; path = MJRefreshFooter.h; sourceTree = "<group>"; };
		927B98321F2B0D1200035585 /* MJRefreshFooter.m */ = {isa = PBXFileReference; fileEncoding = 4; lastKnownFileType = sourcecode.c.objc; path = MJRefreshFooter.m; sourceTree = "<group>"; };
		927B98331F2B0D1200035585 /* MJRefreshHeader.h */ = {isa = PBXFileReference; fileEncoding = 4; lastKnownFileType = sourcecode.c.h; path = MJRefreshHeader.h; sourceTree = "<group>"; };
		927B98341F2B0D1200035585 /* MJRefreshHeader.m */ = {isa = PBXFileReference; fileEncoding = 4; lastKnownFileType = sourcecode.c.objc; path = MJRefreshHeader.m; sourceTree = "<group>"; };
		927B98381F2B0D1200035585 /* MJRefreshAutoGifFooter.h */ = {isa = PBXFileReference; fileEncoding = 4; lastKnownFileType = sourcecode.c.h; path = MJRefreshAutoGifFooter.h; sourceTree = "<group>"; };
		927B98391F2B0D1200035585 /* MJRefreshAutoGifFooter.m */ = {isa = PBXFileReference; fileEncoding = 4; lastKnownFileType = sourcecode.c.objc; path = MJRefreshAutoGifFooter.m; sourceTree = "<group>"; };
		927B983A1F2B0D1200035585 /* MJRefreshAutoNormalFooter.h */ = {isa = PBXFileReference; fileEncoding = 4; lastKnownFileType = sourcecode.c.h; path = MJRefreshAutoNormalFooter.h; sourceTree = "<group>"; };
		927B983B1F2B0D1200035585 /* MJRefreshAutoNormalFooter.m */ = {isa = PBXFileReference; fileEncoding = 4; lastKnownFileType = sourcecode.c.objc; path = MJRefreshAutoNormalFooter.m; sourceTree = "<group>"; };
		927B983C1F2B0D1200035585 /* MJRefreshAutoStateFooter.h */ = {isa = PBXFileReference; fileEncoding = 4; lastKnownFileType = sourcecode.c.h; path = MJRefreshAutoStateFooter.h; sourceTree = "<group>"; };
		927B983D1F2B0D1200035585 /* MJRefreshAutoStateFooter.m */ = {isa = PBXFileReference; fileEncoding = 4; lastKnownFileType = sourcecode.c.objc; path = MJRefreshAutoStateFooter.m; sourceTree = "<group>"; };
		927B983F1F2B0D1200035585 /* MJRefreshBackGifFooter.h */ = {isa = PBXFileReference; fileEncoding = 4; lastKnownFileType = sourcecode.c.h; path = MJRefreshBackGifFooter.h; sourceTree = "<group>"; };
		927B98401F2B0D1200035585 /* MJRefreshBackGifFooter.m */ = {isa = PBXFileReference; fileEncoding = 4; lastKnownFileType = sourcecode.c.objc; path = MJRefreshBackGifFooter.m; sourceTree = "<group>"; };
		927B98411F2B0D1200035585 /* MJRefreshBackNormalFooter.h */ = {isa = PBXFileReference; fileEncoding = 4; lastKnownFileType = sourcecode.c.h; path = MJRefreshBackNormalFooter.h; sourceTree = "<group>"; };
		927B98421F2B0D1200035585 /* MJRefreshBackNormalFooter.m */ = {isa = PBXFileReference; fileEncoding = 4; lastKnownFileType = sourcecode.c.objc; path = MJRefreshBackNormalFooter.m; sourceTree = "<group>"; };
		927B98431F2B0D1200035585 /* MJRefreshBackStateFooter.h */ = {isa = PBXFileReference; fileEncoding = 4; lastKnownFileType = sourcecode.c.h; path = MJRefreshBackStateFooter.h; sourceTree = "<group>"; };
		927B98441F2B0D1200035585 /* MJRefreshBackStateFooter.m */ = {isa = PBXFileReference; fileEncoding = 4; lastKnownFileType = sourcecode.c.objc; path = MJRefreshBackStateFooter.m; sourceTree = "<group>"; };
		927B98461F2B0D1200035585 /* MJRefreshGifHeader.h */ = {isa = PBXFileReference; fileEncoding = 4; lastKnownFileType = sourcecode.c.h; path = MJRefreshGifHeader.h; sourceTree = "<group>"; };
		927B98471F2B0D1200035585 /* MJRefreshGifHeader.m */ = {isa = PBXFileReference; fileEncoding = 4; lastKnownFileType = sourcecode.c.objc; path = MJRefreshGifHeader.m; sourceTree = "<group>"; };
		927B98481F2B0D1200035585 /* MJRefreshNormalHeader.h */ = {isa = PBXFileReference; fileEncoding = 4; lastKnownFileType = sourcecode.c.h; path = MJRefreshNormalHeader.h; sourceTree = "<group>"; };
		927B98491F2B0D1200035585 /* MJRefreshNormalHeader.m */ = {isa = PBXFileReference; fileEncoding = 4; lastKnownFileType = sourcecode.c.objc; path = MJRefreshNormalHeader.m; sourceTree = "<group>"; };
		927B984A1F2B0D1200035585 /* MJRefreshStateHeader.h */ = {isa = PBXFileReference; fileEncoding = 4; lastKnownFileType = sourcecode.c.h; path = MJRefreshStateHeader.h; sourceTree = "<group>"; };
		927B984B1F2B0D1200035585 /* MJRefreshStateHeader.m */ = {isa = PBXFileReference; fileEncoding = 4; lastKnownFileType = sourcecode.c.objc; path = MJRefreshStateHeader.m; sourceTree = "<group>"; };
		927B984C1F2B0D1200035585 /* MJRefresh.bundle */ = {isa = PBXFileReference; lastKnownFileType = "wrapper.plug-in"; path = MJRefresh.bundle; sourceTree = "<group>"; };
		927B984D1F2B0D1200035585 /* MJRefresh.h */ = {isa = PBXFileReference; fileEncoding = 4; lastKnownFileType = sourcecode.c.h; path = MJRefresh.h; sourceTree = "<group>"; };
		927B984E1F2B0D1200035585 /* MJRefreshConst.h */ = {isa = PBXFileReference; fileEncoding = 4; lastKnownFileType = sourcecode.c.h; path = MJRefreshConst.h; sourceTree = "<group>"; };
		927B984F1F2B0D1200035585 /* MJRefreshConst.m */ = {isa = PBXFileReference; fileEncoding = 4; lastKnownFileType = sourcecode.c.objc; path = MJRefreshConst.m; sourceTree = "<group>"; };
		927B98501F2B0D1200035585 /* NSBundle+MJRefresh.h */ = {isa = PBXFileReference; fileEncoding = 4; lastKnownFileType = sourcecode.c.h; path = "NSBundle+MJRefresh.h"; sourceTree = "<group>"; };
		927B98511F2B0D1200035585 /* NSBundle+MJRefresh.m */ = {isa = PBXFileReference; fileEncoding = 4; lastKnownFileType = sourcecode.c.objc; path = "NSBundle+MJRefresh.m"; sourceTree = "<group>"; };
		927B98521F2B0D1200035585 /* UIScrollView+MJExtension.h */ = {isa = PBXFileReference; fileEncoding = 4; lastKnownFileType = sourcecode.c.h; path = "UIScrollView+MJExtension.h"; sourceTree = "<group>"; };
		927B98531F2B0D1200035585 /* UIScrollView+MJExtension.m */ = {isa = PBXFileReference; fileEncoding = 4; lastKnownFileType = sourcecode.c.objc; path = "UIScrollView+MJExtension.m"; sourceTree = "<group>"; };
		927B98541F2B0D1200035585 /* UIScrollView+MJRefresh.h */ = {isa = PBXFileReference; fileEncoding = 4; lastKnownFileType = sourcecode.c.h; path = "UIScrollView+MJRefresh.h"; sourceTree = "<group>"; };
		927B98551F2B0D1200035585 /* UIScrollView+MJRefresh.m */ = {isa = PBXFileReference; fileEncoding = 4; lastKnownFileType = sourcecode.c.objc; path = "UIScrollView+MJRefresh.m"; sourceTree = "<group>"; };
		927B98561F2B0D1200035585 /* UIView+MJExtension.h */ = {isa = PBXFileReference; fileEncoding = 4; lastKnownFileType = sourcecode.c.h; path = "UIView+MJExtension.h"; sourceTree = "<group>"; };
		927B98571F2B0D1200035585 /* UIView+MJExtension.m */ = {isa = PBXFileReference; fileEncoding = 4; lastKnownFileType = sourcecode.c.objc; path = "UIView+MJExtension.m"; sourceTree = "<group>"; };
		927B98701F2B0DA500035585 /* DetailDataModel.h */ = {isa = PBXFileReference; lastKnownFileType = sourcecode.c.h; path = DetailDataModel.h; sourceTree = "<group>"; };
		927B98711F2B0DA500035585 /* DetailDataModel.m */ = {isa = PBXFileReference; lastKnownFileType = sourcecode.c.objc; path = DetailDataModel.m; sourceTree = "<group>"; };
		9289BDF21F25A4EB00BDF5C6 /* MVPDemo.app */ = {isa = PBXFileReference; explicitFileType = wrapper.application; includeInIndex = 0; path = MVPDemo.app; sourceTree = BUILT_PRODUCTS_DIR; };
		9289BDF51F25A4EB00BDF5C6 /* AppDelegate.h */ = {isa = PBXFileReference; lastKnownFileType = sourcecode.c.h; path = AppDelegate.h; sourceTree = "<group>"; };
		9289BDF61F25A4EB00BDF5C6 /* AppDelegate.m */ = {isa = PBXFileReference; lastKnownFileType = sourcecode.c.objc; path = AppDelegate.m; sourceTree = "<group>"; };
		9289BDFC1F25A4EB00BDF5C6 /* Base */ = {isa = PBXFileReference; lastKnownFileType = file.storyboard; name = Base; path = Base.lproj/Main.storyboard; sourceTree = "<group>"; };
		9289BDFE1F25A4EB00BDF5C6 /* Assets.xcassets */ = {isa = PBXFileReference; lastKnownFileType = folder.assetcatalog; path = Assets.xcassets; sourceTree = "<group>"; };
		9289BE011F25A4EB00BDF5C6 /* Base */ = {isa = PBXFileReference; lastKnownFileType = file.storyboard; name = Base; path = Base.lproj/LaunchScreen.storyboard; sourceTree = "<group>"; };
		9289BE031F25A4EB00BDF5C6 /* Info.plist */ = {isa = PBXFileReference; lastKnownFileType = text.plist.xml; path = Info.plist; sourceTree = "<group>"; };
		9289BE041F25A4EB00BDF5C6 /* main.m */ = {isa = PBXFileReference; lastKnownFileType = sourcecode.c.objc; path = main.m; sourceTree = "<group>"; };
/* End PBXFileReference section */

/* Begin PBXFrameworksBuildPhase section */
		9289BDEF1F25A4EB00BDF5C6 /* Frameworks */ = {
			isa = PBXFrameworksBuildPhase;
			buildActionMask = 2147483647;
			files = (
			);
			runOnlyForDeploymentPostprocessing = 0;
		};
/* End PBXFrameworksBuildPhase section */

/* Begin PBXGroup section */
		91013D0C1F261B8C008D24B0 /* SDWebImage */ = {
			isa = PBXGroup;
			children = (
				91013D0D1F261B8C008D24B0 /* MKAnnotationView+WebCache.h */,
				91013D0E1F261B8C008D24B0 /* MKAnnotationView+WebCache.m */,
				91013D0F1F261B8C008D24B0 /* NSData+ImageContentType.h */,
				91013D101F261B8C008D24B0 /* NSData+ImageContentType.m */,
				91013D111F261B8C008D24B0 /* NSImage+WebCache.h */,
				91013D121F261B8C008D24B0 /* NSImage+WebCache.m */,
				91013D131F261B8C008D24B0 /* SDImageCache.h */,
				91013D141F261B8C008D24B0 /* SDImageCache.m */,
				91013D151F261B8C008D24B0 /* SDImageCacheConfig.h */,
				91013D161F261B8C008D24B0 /* SDImageCacheConfig.m */,
				91013D171F261B8C008D24B0 /* SDWebImageCompat.h */,
				91013D181F261B8C008D24B0 /* SDWebImageCompat.m */,
				91013D191F261B8C008D24B0 /* SDWebImageDecoder.h */,
				91013D1A1F261B8C008D24B0 /* SDWebImageDecoder.m */,
				91013D1B1F261B8C008D24B0 /* SDWebImageDownloader.h */,
				91013D1C1F261B8C008D24B0 /* SDWebImageDownloader.m */,
				91013D1D1F261B8C008D24B0 /* SDWebImageDownloaderOperation.h */,
				91013D1E1F261B8C008D24B0 /* SDWebImageDownloaderOperation.m */,
				91013D1F1F261B8C008D24B0 /* SDWebImageManager.h */,
				91013D201F261B8C008D24B0 /* SDWebImageManager.m */,
				91013D211F261B8C008D24B0 /* SDWebImageOperation.h */,
				91013D221F261B8C008D24B0 /* SDWebImagePrefetcher.h */,
				91013D231F261B8C008D24B0 /* SDWebImagePrefetcher.m */,
				91013D241F261B8C008D24B0 /* UIButton+WebCache.h */,
				91013D251F261B8C008D24B0 /* UIButton+WebCache.m */,
				91013D261F261B8C008D24B0 /* UIImage+GIF.h */,
				91013D271F261B8C008D24B0 /* UIImage+GIF.m */,
				91013D281F261B8C008D24B0 /* UIImage+MultiFormat.h */,
				91013D291F261B8C008D24B0 /* UIImage+MultiFormat.m */,
				91013D2A1F261B8C008D24B0 /* UIImage+WebP.h */,
				91013D2B1F261B8C008D24B0 /* UIImage+WebP.m */,
				91013D2C1F261B8C008D24B0 /* UIImageView+HighlightedWebCache.h */,
				91013D2D1F261B8C008D24B0 /* UIImageView+HighlightedWebCache.m */,
				91013D2E1F261B8C008D24B0 /* UIImageView+WebCache.h */,
				91013D2F1F261B8C008D24B0 /* UIImageView+WebCache.m */,
				91013D301F261B8C008D24B0 /* UIView+WebCache.h */,
				91013D311F261B8C008D24B0 /* UIView+WebCache.m */,
				91013D321F261B8C008D24B0 /* UIView+WebCacheOperation.h */,
				91013D331F261B8C008D24B0 /* UIView+WebCacheOperation.m */,
			);
			path = SDWebImage;
			sourceTree = "<group>";
		};
		91013D471F261B9A008D24B0 /* Networking */ = {
			isa = PBXGroup;
			children = (
				91013D481F261B9A008D24B0 /* BKNetworkConfig.h */,
				91013D491F261B9A008D24B0 /* BKNetworkConfig.m */,
				91013D4A1F261B9A008D24B0 /* BKNetworking.h */,
				91013D4B1F261B9A008D24B0 /* BKNetworking.m */,
				91013D4C1F261B9A008D24B0 /* BKNetworkModel.h */,
				91013D4D1F261B9A008D24B0 /* BKNetworkModel.m */,
			);
			path = Networking;
			sourceTree = "<group>";
		};
		912270411F2A3B9D008AE273 /* DetailMVP */ = {
			isa = PBXGroup;
			children = (
				927B986F1F2B0D9100035585 /* M */,
				912270431F2A3B9D008AE273 /* P */,
				912270441F2A3B9D008AE273 /* V */,
			);
			path = DetailMVP;
			sourceTree = "<group>";
		};
		912270431F2A3B9D008AE273 /* P */ = {
			isa = PBXGroup;
			children = (
				912270631F2A3F07008AE273 /* TableViewPresenterProtocol.h */,
				9122705D1F2A3C7E008AE273 /* DetailTableViewPresenter.h */,
				9122705E1F2A3C7E008AE273 /* DetailTableViewPresenter.m */,
			);
			path = P;
			sourceTree = "<group>";
		};
		912270441F2A3B9D008AE273 /* V */ = {
			isa = PBXGroup;
			children = (
				912270671F2A40C3008AE273 /* DetailViewController.h */,
				912270681F2A40C4008AE273 /* DetailViewController.m */,
				912270601F2A3CB6008AE273 /* BaseTableView.h */,
				912270611F2A3CB6008AE273 /* BaseTableView.m */,
			);
			path = V;
			sourceTree = "<group>";
		};
		912270451F2A3BD4008AE273 /* HomeMVP */ = {
			isa = PBXGroup;
			children = (
				912270461F2A3BD4008AE273 /* M */,
				9122704E1F2A3BD4008AE273 /* P */,
				912270511F2A3BD4008AE273 /* V */,
			);
			path = HomeMVP;
			sourceTree = "<group>";
		};
		912270461F2A3BD4008AE273 /* M */ = {
			isa = PBXGroup;
			children = (
				912270471F2A3BD4008AE273 /* BaseNetworkProtocol.h */,
				912270481F2A3BD4008AE273 /* BaseStartNetworking.h */,
				912270491F2A3BD4008AE273 /* BaseStartNetworking.m */,
				9122704C1F2A3BD4008AE273 /* HomeListModel.h */,
				9122704D1F2A3BD4008AE273 /* HomeListModel.m */,
				9122704A1F2A3BD4008AE273 /* BLoopImageItem.h */,
				9122704B1F2A3BD4008AE273 /* BLoopImageItem.m */,
			);
			path = M;
			sourceTree = "<group>";
		};
		9122704E1F2A3BD4008AE273 /* P */ = {
			isa = PBXGroup;
			children = (
				9122704F1F2A3BD4008AE273 /* HomePresenter.h */,
				912270501F2A3BD4008AE273 /* HomePresenter.m */,
			);
			path = P;
			sourceTree = "<group>";
		};
		912270511F2A3BD4008AE273 /* V */ = {
			isa = PBXGroup;
			children = (
				912270641F2A40BB008AE273 /* TableViewController.h */,
				912270651F2A40BB008AE273 /* TableViewController.m */,
				912270541F2A3BD4008AE273 /* BaseViewProtocol.h */,
				912270551F2A3BD4008AE273 /* BLoopImageView.h */,
				912270561F2A3BD4008AE273 /* BLoopImageView.m */,
			);
			path = V;
			sourceTree = "<group>";
		};
		927B98201F2B09B400035585 /* MBProgressHUD */ = {
			isa = PBXGroup;
			children = (
				927B98211F2B09B400035585 /* MBProgressHUD+Add.h */,
				927B98221F2B09B400035585 /* MBProgressHUD+Add.m */,
				927B98231F2B09B400035585 /* MBProgressHUD.bundle */,
				927B98241F2B09B400035585 /* MBProgressHUD.h */,
				927B98251F2B09B400035585 /* MBProgressHUD.m */,
			);
			name = MBProgressHUD;
			path = "../../bk项目/BKSDK/BKSDK/OpenSource/Code/MBProgressHUD";
			sourceTree = "<group>";
		};
		927B98291F2B0D1200035585 /* MJRefresh */ = {
			isa = PBXGroup;
			children = (
				927B982A1F2B0D1200035585 /* Base */,
				927B98351F2B0D1200035585 /* Custom */,
				927B984C1F2B0D1200035585 /* MJRefresh.bundle */,
				927B984D1F2B0D1200035585 /* MJRefresh.h */,
				927B984E1F2B0D1200035585 /* MJRefreshConst.h */,
				927B984F1F2B0D1200035585 /* MJRefreshConst.m */,
				927B98501F2B0D1200035585 /* NSBundle+MJRefresh.h */,
				927B98511F2B0D1200035585 /* NSBundle+MJRefresh.m */,
				927B98521F2B0D1200035585 /* UIScrollView+MJExtension.h */,
				927B98531F2B0D1200035585 /* UIScrollView+MJExtension.m */,
				927B98541F2B0D1200035585 /* UIScrollView+MJRefresh.h */,
				927B98551F2B0D1200035585 /* UIScrollView+MJRefresh.m */,
				927B98561F2B0D1200035585 /* UIView+MJExtension.h */,
				927B98571F2B0D1200035585 /* UIView+MJExtension.m */,
			);
			name = MJRefresh;
			path = "../../../../Downloads/MJRefresh-master/MJRefresh";
			sourceTree = "<group>";
		};
		927B982A1F2B0D1200035585 /* Base */ = {
			isa = PBXGroup;
			children = (
				927B982B1F2B0D1200035585 /* MJRefreshAutoFooter.h */,
				927B982C1F2B0D1200035585 /* MJRefreshAutoFooter.m */,
				927B982D1F2B0D1200035585 /* MJRefreshBackFooter.h */,
				927B982E1F2B0D1200035585 /* MJRefreshBackFooter.m */,
				927B982F1F2B0D1200035585 /* MJRefreshComponent.h */,
				927B98301F2B0D1200035585 /* MJRefreshComponent.m */,
				927B98311F2B0D1200035585 /* MJRefreshFooter.h */,
				927B98321F2B0D1200035585 /* MJRefreshFooter.m */,
				927B98331F2B0D1200035585 /* MJRefreshHeader.h */,
				927B98341F2B0D1200035585 /* MJRefreshHeader.m */,
			);
			path = Base;
			sourceTree = "<group>";
		};
		927B98351F2B0D1200035585 /* Custom */ = {
			isa = PBXGroup;
			children = (
				927B98361F2B0D1200035585 /* Footer */,
				927B98451F2B0D1200035585 /* Header */,
			);
			path = Custom;
			sourceTree = "<group>";
		};
		927B98361F2B0D1200035585 /* Footer */ = {
			isa = PBXGroup;
			children = (
				927B98371F2B0D1200035585 /* Auto */,
				927B983E1F2B0D1200035585 /* Back */,
			);
			path = Footer;
			sourceTree = "<group>";
		};
		927B98371F2B0D1200035585 /* Auto */ = {
			isa = PBXGroup;
			children = (
				927B98381F2B0D1200035585 /* MJRefreshAutoGifFooter.h */,
				927B98391F2B0D1200035585 /* MJRefreshAutoGifFooter.m */,
				927B983A1F2B0D1200035585 /* MJRefreshAutoNormalFooter.h */,
				927B983B1F2B0D1200035585 /* MJRefreshAutoNormalFooter.m */,
				927B983C1F2B0D1200035585 /* MJRefreshAutoStateFooter.h */,
				927B983D1F2B0D1200035585 /* MJRefreshAutoStateFooter.m */,
			);
			path = Auto;
			sourceTree = "<group>";
		};
		927B983E1F2B0D1200035585 /* Back */ = {
			isa = PBXGroup;
			children = (
				927B983F1F2B0D1200035585 /* MJRefreshBackGifFooter.h */,
				927B98401F2B0D1200035585 /* MJRefreshBackGifFooter.m */,
				927B98411F2B0D1200035585 /* MJRefreshBackNormalFooter.h */,
				927B98421F2B0D1200035585 /* MJRefreshBackNormalFooter.m */,
				927B98431F2B0D1200035585 /* MJRefreshBackStateFooter.h */,
				927B98441F2B0D1200035585 /* MJRefreshBackStateFooter.m */,
			);
			path = Back;
			sourceTree = "<group>";
		};
		927B98451F2B0D1200035585 /* Header */ = {
			isa = PBXGroup;
			children = (
				927B98461F2B0D1200035585 /* MJRefreshGifHeader.h */,
				927B98471F2B0D1200035585 /* MJRefreshGifHeader.m */,
				927B98481F2B0D1200035585 /* MJRefreshNormalHeader.h */,
				927B98491F2B0D1200035585 /* MJRefreshNormalHeader.m */,
				927B984A1F2B0D1200035585 /* MJRefreshStateHeader.h */,
				927B984B1F2B0D1200035585 /* MJRefreshStateHeader.m */,
			);
			path = Header;
			sourceTree = "<group>";
		};
		927B986F1F2B0D9100035585 /* M */ = {
			isa = PBXGroup;
			children = (
				927B98701F2B0DA500035585 /* DetailDataModel.h */,
				927B98711F2B0DA500035585 /* DetailDataModel.m */,
			);
			path = M;
			sourceTree = "<group>";
		};
		9289BDE91F25A4EB00BDF5C6 = {
			isa = PBXGroup;
			children = (
				927B98291F2B0D1200035585 /* MJRefresh */,
				927B98201F2B09B400035585 /* MBProgressHUD */,
				91013D471F261B9A008D24B0 /* Networking */,
				91013D0C1F261B8C008D24B0 /* SDWebImage */,
				9289BDF41F25A4EB00BDF5C6 /* MVPDemo */,
				9289BDF31F25A4EB00BDF5C6 /* Products */,
			);
			sourceTree = "<group>";
		};
		9289BDF31F25A4EB00BDF5C6 /* Products */ = {
			isa = PBXGroup;
			children = (
				9289BDF21F25A4EB00BDF5C6 /* MVPDemo.app */,
			);
			name = Products;
			sourceTree = "<group>";
		};
		9289BDF41F25A4EB00BDF5C6 /* MVPDemo */ = {
			isa = PBXGroup;
			children = (
				912270451F2A3BD4008AE273 /* HomeMVP */,
				912270411F2A3B9D008AE273 /* DetailMVP */,
				9289BDF51F25A4EB00BDF5C6 /* AppDelegate.h */,
				9289BDF61F25A4EB00BDF5C6 /* AppDelegate.m */,
				9289BDFB1F25A4EB00BDF5C6 /* Main.storyboard */,
				9289BDFE1F25A4EB00BDF5C6 /* Assets.xcassets */,
				9289BE001F25A4EB00BDF5C6 /* LaunchScreen.storyboard */,
				9289BE031F25A4EB00BDF5C6 /* Info.plist */,
				9289BE041F25A4EB00BDF5C6 /* main.m */,
			);
			path = MVPDemo;
			sourceTree = "<group>";
		};
/* End PBXGroup section */

/* Begin PBXNativeTarget section */
		9289BDF11F25A4EB00BDF5C6 /* MVPDemo */ = {
			isa = PBXNativeTarget;
			buildConfigurationList = 9289BE081F25A4EB00BDF5C6 /* Build configuration list for PBXNativeTarget "MVPDemo" */;
			buildPhases = (
				9289BDEE1F25A4EB00BDF5C6 /* Sources */,
				9289BDEF1F25A4EB00BDF5C6 /* Frameworks */,
				9289BDF01F25A4EB00BDF5C6 /* Resources */,
			);
			buildRules = (
			);
			dependencies = (
			);
			name = MVPDemo;
			productName = MVPDemo;
			productReference = 9289BDF21F25A4EB00BDF5C6 /* MVPDemo.app */;
			productType = "com.apple.product-type.application";
		};
/* End PBXNativeTarget section */

/* Begin PBXProject section */
		9289BDEA1F25A4EB00BDF5C6 /* Project object */ = {
			isa = PBXProject;
			attributes = {
				LastUpgradeCheck = 0900;
				ORGANIZATIONNAME = "com.mobile-kingdom.ekapps";
				TargetAttributes = {
					9289BDF11F25A4EB00BDF5C6 = {
						CreatedOnToolsVersion = 9.0;
					};
				};
			};
			buildConfigurationList = 9289BDED1F25A4EB00BDF5C6 /* Build configuration list for PBXProject "MVPDemo" */;
			compatibilityVersion = "Xcode 8.0";
			developmentRegion = en;
			hasScannedForEncodings = 0;
			knownRegions = (
				en,
				Base,
			);
			mainGroup = 9289BDE91F25A4EB00BDF5C6;
			productRefGroup = 9289BDF31F25A4EB00BDF5C6 /* Products */;
			projectDirPath = "";
			projectRoot = "";
			targets = (
				9289BDF11F25A4EB00BDF5C6 /* MVPDemo */,
			);
		};
/* End PBXProject section */

/* Begin PBXResourcesBuildPhase section */
		9289BDF01F25A4EB00BDF5C6 /* Resources */ = {
			isa = PBXResourcesBuildPhase;
			buildActionMask = 2147483647;
			files = (
				9289BE021F25A4EB00BDF5C6 /* LaunchScreen.storyboard in Resources */,
				927B98271F2B09B500035585 /* MBProgressHUD.bundle in Resources */,
				9289BDFF1F25A4EB00BDF5C6 /* Assets.xcassets in Resources */,
				927B98661F2B0D1200035585 /* MJRefresh.bundle in Resources */,
				9289BDFD1F25A4EB00BDF5C6 /* Main.storyboard in Resources */,
			);
			runOnlyForDeploymentPostprocessing = 0;
		};
/* End PBXResourcesBuildPhase section */

/* Begin PBXSourcesBuildPhase section */
		9289BDEE1F25A4EB00BDF5C6 /* Sources */ = {
			isa = PBXSourcesBuildPhase;
			buildActionMask = 2147483647;
			files = (
				91013D341F261B8C008D24B0 /* MKAnnotationView+WebCache.m in Sources */,
				91013D451F261B8C008D24B0 /* UIView+WebCache.m in Sources */,
				91013D421F261B8C008D24B0 /* UIImage+WebP.m in Sources */,
				91013D3F1F261B8C008D24B0 /* UIButton+WebCache.m in Sources */,
				9122705C1F2A3BD4008AE273 /* BLoopImageView.m in Sources */,
				927B985E1F2B0D1200035585 /* MJRefreshAutoNormalFooter.m in Sources */,
				912270621F2A3CB6008AE273 /* BaseTableView.m in Sources */,
				91013D3C1F261B8C008D24B0 /* SDWebImageDownloaderOperation.m in Sources */,
				91013D361F261B8C008D24B0 /* NSImage+WebCache.m in Sources */,
				927B98651F2B0D1200035585 /* MJRefreshStateHeader.m in Sources */,
				927B985B1F2B0D1200035585 /* MJRefreshFooter.m in Sources */,
				91013D4E1F261B9A008D24B0 /* BKNetworkConfig.m in Sources */,
				927B98631F2B0D1200035585 /* MJRefreshGifHeader.m in Sources */,
				9289BE051F25A4EB00BDF5C6 /* main.m in Sources */,
				91013D4F1F261B9A008D24B0 /* BKNetworking.m in Sources */,
				91013D3A1F261B8C008D24B0 /* SDWebImageDecoder.m in Sources */,
				9289BDF71F25A4EB00BDF5C6 /* AppDelegate.m in Sources */,
				927B98611F2B0D1200035585 /* MJRefreshBackNormalFooter.m in Sources */,
				91013D431F261B8C008D24B0 /* UIImageView+HighlightedWebCache.m in Sources */,
				91013D3B1F261B8C008D24B0 /* SDWebImageDownloader.m in Sources */,
				91013D391F261B8C008D24B0 /* SDWebImageCompat.m in Sources */,
				927B98591F2B0D1200035585 /* MJRefreshBackFooter.m in Sources */,
				9122705F1F2A3C7E008AE273 /* DetailTableViewPresenter.m in Sources */,
				91013D401F261B8C008D24B0 /* UIImage+GIF.m in Sources */,
				927B98671F2B0D1200035585 /* MJRefreshConst.m in Sources */,
				91013D411F261B8C008D24B0 /* UIImage+MultiFormat.m in Sources */,
				927B985D1F2B0D1200035585 /* MJRefreshAutoGifFooter.m in Sources */,
				91013D381F261B8C008D24B0 /* SDImageCacheConfig.m in Sources */,
				91013D3E1F261B8C008D24B0 /* SDWebImagePrefetcher.m in Sources */,
				9122705A1F2A3BD4008AE273 /* HomePresenter.m in Sources */,
				912270571F2A3BD4008AE273 /* BaseStartNetworking.m in Sources */,
				927B98601F2B0D1200035585 /* MJRefreshBackGifFooter.m in Sources */,
				927B985A1F2B0D1200035585 /* MJRefreshComponent.m in Sources */,
				927B98261F2B09B500035585 /* MBProgressHUD+Add.m in Sources */,
				912270661F2A40BB008AE273 /* TableViewController.m in Sources */,
				91013D351F261B8C008D24B0 /* NSData+ImageContentType.m in Sources */,
				91013D441F261B8C008D24B0 /* UIImageView+WebCache.m in Sources */,
				927B98281F2B09B500035585 /* MBProgressHUD.m in Sources */,
				91013D501F261B9A008D24B0 /* BKNetworkModel.m in Sources */,
				912270691F2A40C4008AE273 /* DetailViewController.m in Sources */,
				927B986A1F2B0D1200035585 /* UIScrollView+MJRefresh.m in Sources */,
				927B98691F2B0D1200035585 /* UIScrollView+MJExtension.m in Sources */,
				927B98681F2B0D1200035585 /* NSBundle+MJRefresh.m in Sources */,
				91013D3D1F261B8C008D24B0 /* SDWebImageManager.m in Sources */,
				912270591F2A3BD4008AE273 /* HomeListModel.m in Sources */,
				927B985C1F2B0D1200035585 /* MJRefreshHeader.m in Sources */,
				927B98621F2B0D1200035585 /* MJRefreshBackStateFooter.m in Sources */,
				927B98641F2B0D1200035585 /* MJRefreshNormalHeader.m in Sources */,
				912270581F2A3BD4008AE273 /* BLoopImageItem.m in Sources */,
				927B986B1F2B0D1200035585 /* UIView+MJExtension.m in Sources */,
				91013D461F261B8C008D24B0 /* UIView+WebCacheOperation.m in Sources */,
				927B98581F2B0D1200035585 /* MJRefreshAutoFooter.m in Sources */,
				927B985F1F2B0D1200035585 /* MJRefreshAutoStateFooter.m in Sources */,
				927B98721F2B0DA500035585 /* DetailDataModel.m in Sources */,
				91013D371F261B8C008D24B0 /* SDImageCache.m in Sources */,
			);
			runOnlyForDeploymentPostprocessing = 0;
		};
/* End PBXSourcesBuildPhase section */

/* Begin PBXVariantGroup section */
		9289BDFB1F25A4EB00BDF5C6 /* Main.storyboard */ = {
			isa = PBXVariantGroup;
			children = (
				9289BDFC1F25A4EB00BDF5C6 /* Base */,
			);
			name = Main.storyboard;
			sourceTree = "<group>";
		};
		9289BE001F25A4EB00BDF5C6 /* LaunchScreen.storyboard */ = {
			isa = PBXVariantGroup;
			children = (
				9289BE011F25A4EB00BDF5C6 /* Base */,
			);
			name = LaunchScreen.storyboard;
			sourceTree = "<group>";
		};
/* End PBXVariantGroup section */

/* Begin XCBuildConfiguration section */
		9289BE061F25A4EB00BDF5C6 /* Debug */ = {
			isa = XCBuildConfiguration;
			buildSettings = {
				ALWAYS_SEARCH_USER_PATHS = NO;
				CLANG_ANALYZER_NONNULL = YES;
				CLANG_ANALYZER_NUMBER_OBJECT_CONVERSION = YES_AGGRESSIVE;
				CLANG_CXX_LANGUAGE_STANDARD = "gnu++14";
				CLANG_CXX_LIBRARY = "libc++";
				CLANG_ENABLE_MODULES = YES;
				CLANG_ENABLE_OBJC_ARC = YES;
				CLANG_WARN_BLOCK_CAPTURE_AUTORELEASING = YES;
				CLANG_WARN_BOOL_CONVERSION = YES;
				CLANG_WARN_COMMA = YES;
				CLANG_WARN_CONSTANT_CONVERSION = YES;
				CLANG_WARN_DIRECT_OBJC_ISA_USAGE = YES_ERROR;
				CLANG_WARN_DOCUMENTATION_COMMENTS = YES;
				CLANG_WARN_EMPTY_BODY = YES;
				CLANG_WARN_ENUM_CONVERSION = YES;
				CLANG_WARN_INFINITE_RECURSION = YES;
				CLANG_WARN_INT_CONVERSION = YES;
				CLANG_WARN_OBJC_ROOT_CLASS = YES_ERROR;
				CLANG_WARN_RANGE_LOOP_ANALYSIS = YES;
				CLANG_WARN_STRICT_PROTOTYPES = YES;
				CLANG_WARN_SUSPICIOUS_MOVE = YES;
				CLANG_WARN_UNGUARDED_AVAILABILITY = YES_AGGRESSIVE;
				CLANG_WARN_UNREACHABLE_CODE = YES;
				CLANG_WARN__DUPLICATE_METHOD_MATCH = YES;
				CODE_SIGN_IDENTITY = "iPhone Developer";
				COPY_PHASE_STRIP = NO;
				DEBUG_INFORMATION_FORMAT = dwarf;
				ENABLE_STRICT_OBJC_MSGSEND = YES;
				ENABLE_TESTABILITY = YES;
				GCC_C_LANGUAGE_STANDARD = gnu11;
				GCC_DYNAMIC_NO_PIC = NO;
				GCC_NO_COMMON_BLOCKS = YES;
				GCC_OPTIMIZATION_LEVEL = 0;
				GCC_PREPROCESSOR_DEFINITIONS = (
					"DEBUG=1",
					"$(inherited)",
				);
				GCC_WARN_64_TO_32_BIT_CONVERSION = YES;
				GCC_WARN_ABOUT_RETURN_TYPE = YES_ERROR;
				GCC_WARN_UNDECLARED_SELECTOR = YES;
				GCC_WARN_UNINITIALIZED_AUTOS = YES_AGGRESSIVE;
				GCC_WARN_UNUSED_FUNCTION = YES;
				GCC_WARN_UNUSED_VARIABLE = YES;
				IPHONEOS_DEPLOYMENT_TARGET = 8.0;
				MTL_ENABLE_DEBUG_INFO = YES;
				ONLY_ACTIVE_ARCH = YES;
				SDKROOT = iphoneos;
			};
			name = Debug;
		};
		9289BE071F25A4EB00BDF5C6 /* Release */ = {
			isa = XCBuildConfiguration;
			buildSettings = {
				ALWAYS_SEARCH_USER_PATHS = NO;
				CLANG_ANALYZER_NONNULL = YES;
				CLANG_ANALYZER_NUMBER_OBJECT_CONVERSION = YES_AGGRESSIVE;
				CLANG_CXX_LANGUAGE_STANDARD = "gnu++14";
				CLANG_CXX_LIBRARY = "libc++";
				CLANG_ENABLE_MODULES = YES;
				CLANG_ENABLE_OBJC_ARC = YES;
				CLANG_WARN_BLOCK_CAPTURE_AUTORELEASING = YES;
				CLANG_WARN_BOOL_CONVERSION = YES;
				CLANG_WARN_COMMA = YES;
				CLANG_WARN_CONSTANT_CONVERSION = YES;
				CLANG_WARN_DIRECT_OBJC_ISA_USAGE = YES_ERROR;
				CLANG_WARN_DOCUMENTATION_COMMENTS = YES;
				CLANG_WARN_EMPTY_BODY = YES;
				CLANG_WARN_ENUM_CONVERSION = YES;
				CLANG_WARN_INFINITE_RECURSION = YES;
				CLANG_WARN_INT_CONVERSION = YES;
				CLANG_WARN_OBJC_ROOT_CLASS = YES_ERROR;
				CLANG_WARN_RANGE_LOOP_ANALYSIS = YES;
				CLANG_WARN_STRICT_PROTOTYPES = YES;
				CLANG_WARN_SUSPICIOUS_MOVE = YES;
				CLANG_WARN_UNGUARDED_AVAILABILITY = YES_AGGRESSIVE;
				CLANG_WARN_UNREACHABLE_CODE = YES;
				CLANG_WARN__DUPLICATE_METHOD_MATCH = YES;
				CODE_SIGN_IDENTITY = "iPhone Developer";
				COPY_PHASE_STRIP = NO;
				DEBUG_INFORMATION_FORMAT = "dwarf-with-dsym";
				ENABLE_NS_ASSERTIONS = NO;
				ENABLE_STRICT_OBJC_MSGSEND = YES;
				GCC_C_LANGUAGE_STANDARD = gnu11;
				GCC_NO_COMMON_BLOCKS = YES;
				GCC_WARN_64_TO_32_BIT_CONVERSION = YES;
				GCC_WARN_ABOUT_RETURN_TYPE = YES_ERROR;
				GCC_WARN_UNDECLARED_SELECTOR = YES;
				GCC_WARN_UNINITIALIZED_AUTOS = YES_AGGRESSIVE;
				GCC_WARN_UNUSED_FUNCTION = YES;
				GCC_WARN_UNUSED_VARIABLE = YES;
				IPHONEOS_DEPLOYMENT_TARGET = 8.0;
				MTL_ENABLE_DEBUG_INFO = NO;
				SDKROOT = iphoneos;
				VALIDATE_PRODUCT = YES;
			};
			name = Release;
		};
		9289BE091F25A4EB00BDF5C6 /* Debug */ = {
			isa = XCBuildConfiguration;
			buildSettings = {
				ASSETCATALOG_COMPILER_APPICON_NAME = AppIcon;
				DEVELOPMENT_TEAM = ZD9PB6A8X6;
				INFOPLIST_FILE = MVPDemo/Info.plist;
				LD_RUNPATH_SEARCH_PATHS = "$(inherited) @executable_path/Frameworks";
				PRODUCT_BUNDLE_IDENTIFIER = com.edukingdom.MVPDemo;
				PRODUCT_NAME = "$(TARGET_NAME)";
				TARGETED_DEVICE_FAMILY = "1,2";
			};
			name = Debug;
		};
		9289BE0A1F25A4EB00BDF5C6 /* Release */ = {
			isa = XCBuildConfiguration;
			buildSettings = {
				ASSETCATALOG_COMPILER_APPICON_NAME = AppIcon;
				DEVELOPMENT_TEAM = ZD9PB6A8X6;
				INFOPLIST_FILE = MVPDemo/Info.plist;
				LD_RUNPATH_SEARCH_PATHS = "$(inherited) @executable_path/Frameworks";
				PRODUCT_BUNDLE_IDENTIFIER = com.edukingdom.MVPDemo;
				PRODUCT_NAME = "$(TARGET_NAME)";
				TARGETED_DEVICE_FAMILY = "1,2";
			};
			name = Release;
		};
/* End XCBuildConfiguration section */

/* Begin XCConfigurationList section */
		9289BDED1F25A4EB00BDF5C6 /* Build configuration list for PBXProject "MVPDemo" */ = {
			isa = XCConfigurationList;
			buildConfigurations = (
				9289BE061F25A4EB00BDF5C6 /* Debug */,
				9289BE071F25A4EB00BDF5C6 /* Release */,
			);
			defaultConfigurationIsVisible = 0;
			defaultConfigurationName = Release;
		};
		9289BE081F25A4EB00BDF5C6 /* Build configuration list for PBXNativeTarget "MVPDemo" */ = {
			isa = XCConfigurationList;
			buildConfigurations = (
				9289BE091F25A4EB00BDF5C6 /* Debug */,
				9289BE0A1F25A4EB00BDF5C6 /* Release */,
			);
			defaultConfigurationIsVisible = 0;
			defaultConfigurationName = Release;
		};
/* End XCConfigurationList section */
	};
	rootObject = 9289BDEA1F25A4EB00BDF5C6 /* Project object */;
}
